
Microsoft Visual Studio Solution File, Format Version 12.00
# Visual Studio 15
Project("{FAE04EC0-301F-11D3-BF4B-00C04F79EFBC}") = "Unity.Recorder", "Unity.Recorder.csproj", "{81302241-2ED1-F71D-E69A-47D9611A8365}"
EndProject
Project("{FAE04EC0-301F-11D3-BF4B-00C04F79EFBC}") = "Unity.Recorder.Samples", "Unity.Recorder.Samples.csproj", "{756AC3B1-C254-8FA8-5DAF-61DCDE2DD2F9}"
EndProject
Project("{FAE04EC0-301F-11D3-BF4B-00C04F79EFBC}") = "Assembly-CSharp", "Assembly-CSharp.csproj", "{051305FB-72F4-645D-5ADC-284340491F75}"
EndProject
Project("{FAE04EC0-301F-11D3-BF4B-00C04F79EFBC}") = "Unity.Recorder.Editor", "Unity.Recorder.Editor.csproj", "{BE9036D1-BD64-4034-F6C8-A09BA5CCAA3C}"
EndProject
Global
	GlobalSection(SolutionConfigurationPlatforms) = preSolution
		Debug|Any CPU = Debug|Any CPU
		Release|Any CPU = Release|Any CPU
	EndGlobalSection
	GlobalSection(ProjectConfigurationPlatforms) = postSolution
		{81302241-2ED1-F71D-E69A-47D9611A8365}.Debug|Any CPU.ActiveCfg = Debug|Any CPU
		{81302241-2ED1-F71D-E69A-47D9611A8365}.Debug|Any CPU.Build.0 = Debug|Any CPU
		{81302241-2ED1-F71D-E69A-47D9611A8365}.Release|Any CPU.ActiveCfg = Release|Any CPU
		{81302241-2ED1-F71D-E69A-47D9611A8365}.Release|Any CPU.Build.0 = Release|Any CPU
		{756AC3B1-C254-8FA8-5DAF-61DCDE2DD2F9}.Debug|Any CPU.ActiveCfg = Debug|Any CPU
		{756AC3B1-C254-8FA8-5DAF-61DCDE2DD2F9}.Debug|Any CPU.Build.0 = Debug|Any CPU
		{756AC3B1-C254-8FA8-5DAF-61DCDE2DD2F9}.Release|Any CPU.ActiveCfg = Release|Any CPU
		{756AC3B1-C254-8FA8-5DAF-61DCDE2DD2F9}.Release|Any CPU.Build.0 = Release|Any CPU
		{051305FB-72F4-645D-5ADC-284340491F75}.Debug|Any CPU.ActiveCfg = Debug|Any CPU
		{051305FB-72F4-645D-5ADC-284340491F75}.Debug|Any CPU.Build.0 = Debug|Any CPU
		{051305FB-72F4-645D-5ADC-284340491F75}.Release|Any CPU.ActiveCfg = Release|Any CPU
		{051305FB-72F4-645D-5ADC-284340491F75}.Release|Any CPU.Build.0 = Release|Any CPU
		{BE9036D1-BD64-4034-F6C8-A09BA5CCAA3C}.Debug|Any CPU.ActiveCfg = Debug|Any CPU
		{BE9036D1-BD64-4034-F6C8-A09BA5CCAA3C}.Debug|Any CPU.Build.0 = Debug|Any CPU
		{BE9036D1-BD64-4034-F6C8-A09BA5CCAA3C}.Release|Any CPU.ActiveCfg = Release|Any CPU
		{BE9036D1-BD64-4034-F6C8-A09BA5CCAA3C}.Release|Any CPU.Build.0 = Release|Any CPU
	EndGlobalSection
	GlobalSection(SolutionProperties) = preSolution
		HideSolutionNode = FALSE
	EndGlobalSection
EndGlobal
